// !$*UTF8*$!
{
	archiveVersion = 1;
	classes = {
	};
	objectVersion = 46;
	objects = {

/* Begin PBXBuildFile section */
		5252FECC1F1FCCC600311612 /* Meme.swift in Sources */ = {isa = PBXBuildFile; fileRef = 5252FECB1F1FCCC600311612 /* Meme.swift */; };
		5252FECE1F1FCCD100311612 /* impact.ttf in Resources */ = {isa = PBXBuildFile; fileRef = 5252FECD1F1FCCD100311612 /* impact.ttf */; };
		526941821EEE1FF9006C3864 /* AppDelegate.swift in Sources */ = {isa = PBXBuildFile; fileRef = 526941811EEE1FF9006C3864 /* AppDelegate.swift */; };
		526941841EEE1FF9006C3864 /* MemeViewController.swift in Sources */ = {isa = PBXBuildFile; fileRef = 526941831EEE1FF9006C3864 /* MemeViewController.swift */; };
		526941871EEE1FF9006C3864 /* Main.storyboard in Resources */ = {isa = PBXBuildFile; fileRef = 526941851EEE1FF9006C3864 /* Main.storyboard */; };
		526941891EEE1FF9006C3864 /* Assets.xcassets in Resources */ = {isa = PBXBuildFile; fileRef = 526941881EEE1FF9006C3864 /* Assets.xcassets */; };
		5269418C1EEE1FF9006C3864 /* LaunchScreen.storyboard in Resources */ = {isa = PBXBuildFile; fileRef = 5269418A1EEE1FF9006C3864 /* LaunchScreen.storyboard */; };
		526941B01EF0371C006C3864 /* TextFieldDelegate.swift in Sources */ = {isa = PBXBuildFile; fileRef = 526941AF1EF0371C006C3864 /* TextFieldDelegate.swift */; };
/* End PBXBuildFile section */

/* Begin PBXContainerItemProxy section */
		526941931EEE1FF9006C3864 /* PBXContainerItemProxy */ = {
			isa = PBXContainerItemProxy;
			containerPortal = 526941761EEE1FF9006C3864 /* Project object */;
			proxyType = 1;
			remoteGlobalIDString = 5269417D1EEE1FF9006C3864;
			remoteInfo = ComicMaker;
		};
		5269419E1EEE1FF9006C3864 /* PBXContainerItemProxy */ = {
			isa = PBXContainerItemProxy;
			containerPortal = 526941761EEE1FF9006C3864 /* Project object */;
			proxyType = 1;
			remoteGlobalIDString = 5269417D1EEE1FF9006C3864;
			remoteInfo = ComicMaker;
		};
/* End PBXContainerItemProxy section */

/* Begin PBXFileReference section */
		5252FEC61F1E556C00311612 /* MemeMe.app */ = {isa = PBXFileReference; explicitFileType = wrapper.application; includeInIndex = 0; path = MemeMe.app; sourceTree = BUILT_PRODUCTS_DIR; };
		5252FEC71F1E556C00311612 /* MemeMeTests.xctest */ = {isa = PBXFileReference; explicitFileType = wrapper.cfbundle; includeInIndex = 0; path = MemeMeTests.xctest; sourceTree = BUILT_PRODUCTS_DIR; };
		5252FEC81F1E556C00311612 /* MemeMeUITests.xctest */ = {isa = PBXFileReference; explicitFileType = wrapper.cfbundle; includeInIndex = 0; path = MemeMeUITests.xctest; sourceTree = BUILT_PRODUCTS_DIR; };
		5252FECB1F1FCCC600311612 /* Meme.swift */ = {isa = PBXFileReference; fileEncoding = 4; lastKnownFileType = sourcecode.swift; path = Meme.swift; sourceTree = "<group>"; };
		5252FECD1F1FCCD100311612 /* impact.ttf */ = {isa = PBXFileReference; lastKnownFileType = file; path = impact.ttf; sourceTree = "<group>"; };
		526941811EEE1FF9006C3864 /* AppDelegate.swift */ = {isa = PBXFileReference; lastKnownFileType = sourcecode.swift; path = AppDelegate.swift; sourceTree = "<group>"; };
		526941831EEE1FF9006C3864 /* MemeViewController.swift */ = {isa = PBXFileReference; lastKnownFileType = sourcecode.swift; name = MemeViewController.swift; path = controllers/MemeViewController.swift; sourceTree = "<group>"; };
		526941861EEE1FF9006C3864 /* Base */ = {isa = PBXFileReference; lastKnownFileType = file.storyboard; name = Base; path = Base.lproj/Main.storyboard; sourceTree = "<group>"; };
		526941881EEE1FF9006C3864 /* Assets.xcassets */ = {isa = PBXFileReference; lastKnownFileType = folder.assetcatalog; path = Assets.xcassets; sourceTree = "<group>"; };
		5269418B1EEE1FF9006C3864 /* Base */ = {isa = PBXFileReference; lastKnownFileType = file.storyboard; name = Base; path = Base.lproj/LaunchScreen.storyboard; sourceTree = "<group>"; };
		5269418D1EEE1FF9006C3864 /* Info.plist */ = {isa = PBXFileReference; lastKnownFileType = text.plist.xml; path = Info.plist; sourceTree = "<group>"; };
		526941AF1EF0371C006C3864 /* TextFieldDelegate.swift */ = {isa = PBXFileReference; fileEncoding = 4; lastKnownFileType = sourcecode.swift; name = TextFieldDelegate.swift; path = controllers/TextFieldDelegate.swift; sourceTree = "<group>"; };
/* End PBXFileReference section */

/* Begin PBXFrameworksBuildPhase section */
		5269417B1EEE1FF9006C3864 /* Frameworks */ = {
			isa = PBXFrameworksBuildPhase;
			buildActionMask = 2147483647;
			files = (
			);
			runOnlyForDeploymentPostprocessing = 0;
		};
		5269418F1EEE1FF9006C3864 /* Frameworks */ = {
			isa = PBXFrameworksBuildPhase;
			buildActionMask = 2147483647;
			files = (
			);
			runOnlyForDeploymentPostprocessing = 0;
		};
		5269419A1EEE1FF9006C3864 /* Frameworks */ = {
			isa = PBXFrameworksBuildPhase;
			buildActionMask = 2147483647;
			files = (
			);
			runOnlyForDeploymentPostprocessing = 0;
		};
/* End PBXFrameworksBuildPhase section */

/* Begin PBXGroup section */
		5246214D1EFAA888006012E1 /* models */ = {
			isa = PBXGroup;
			children = (
				5252FECB1F1FCCC600311612 /* Meme.swift */,
			);
			path = models;
			sourceTree = "<group>";
		};
		5252FECA1F1EC86100311612 /* fonts */ = {
			isa = PBXGroup;
			children = (
				5252FECD1F1FCCD100311612 /* impact.ttf */,
			);
			name = fonts;
			path = MemeMe/fonts;
			sourceTree = "<group>";
		};
		5252FECF1F1FCE0600311612 /* controllers */ = {
			isa = PBXGroup;
			children = (
				526941831EEE1FF9006C3864 /* MemeViewController.swift */,
				526941AF1EF0371C006C3864 /* TextFieldDelegate.swift */,
			);
			name = controllers;
			sourceTree = "<group>";
		};
		526941751EEE1FF9006C3864 = {
			isa = PBXGroup;
			children = (
				526941801EEE1FF9006C3864 /* MemeMe */,
				5252FECA1F1EC86100311612 /* fonts */,
				5252FEC61F1E556C00311612 /* MemeMe.app */,
				5252FEC71F1E556C00311612 /* MemeMeTests.xctest */,
				5252FEC81F1E556C00311612 /* MemeMeUITests.xctest */,
			);
			sourceTree = "<group>";
		};
		526941801EEE1FF9006C3864 /* MemeMe */ = {
			isa = PBXGroup;
			children = (
				526941811EEE1FF9006C3864 /* AppDelegate.swift */,
				526941851EEE1FF9006C3864 /* Main.storyboard */,
				526941881EEE1FF9006C3864 /* Assets.xcassets */,
				5246214D1EFAA888006012E1 /* models */,
				5252FECF1F1FCE0600311612 /* controllers */,
				5269418A1EEE1FF9006C3864 /* LaunchScreen.storyboard */,
				5269418D1EEE1FF9006C3864 /* Info.plist */,
			);
			path = MemeMe;
			sourceTree = "<group>";
		};
/* End PBXGroup section */

/* Begin PBXNativeTarget section */
		5269417D1EEE1FF9006C3864 /* MemeMe */ = {
			isa = PBXNativeTarget;
			buildConfigurationList = 526941A61EEE1FF9006C3864 /* Build configuration list for PBXNativeTarget "MemeMe" */;
			buildPhases = (
				5269417A1EEE1FF9006C3864 /* Sources */,
				5269417B1EEE1FF9006C3864 /* Frameworks */,
				5269417C1EEE1FF9006C3864 /* Resources */,
			);
			buildRules = (
			);
			dependencies = (
			);
			name = MemeMe;
			productName = ComicMaker;
			productReference = 5252FEC61F1E556C00311612 /* MemeMe.app */;
			productType = "com.apple.product-type.application";
		};
		526941911EEE1FF9006C3864 /* MemeMeTests */ = {
			isa = PBXNativeTarget;
			buildConfigurationList = 526941A91EEE1FF9006C3864 /* Build configuration list for PBXNativeTarget "MemeMeTests" */;
			buildPhases = (
				5269418E1EEE1FF9006C3864 /* Sources */,
				5269418F1EEE1FF9006C3864 /* Frameworks */,
				526941901EEE1FF9006C3864 /* Resources */,
			);
			buildRules = (
			);
			dependencies = (
				526941941EEE1FF9006C3864 /* PBXTargetDependency */,
			);
			name = MemeMeTests;
			productName = ComicMakerTests;
			productReference = 5252FEC71F1E556C00311612 /* MemeMeTests.xctest */;
			productType = "com.apple.product-type.bundle.unit-test";
		};
		5269419C1EEE1FF9006C3864 /* MemeMeUITests */ = {
			isa = PBXNativeTarget;
			buildConfigurationList = 526941AC1EEE1FF9006C3864 /* Build configuration list for PBXNativeTarget "MemeMeUITests" */;
			buildPhases = (
				526941991EEE1FF9006C3864 /* Sources */,
				5269419A1EEE1FF9006C3864 /* Frameworks */,
				5269419B1EEE1FF9006C3864 /* Resources */,
			);
			buildRules = (
			);
			dependencies = (
				5269419F1EEE1FF9006C3864 /* PBXTargetDependency */,
			);
			name = MemeMeUITests;
			productName = ComicMakerUITests;
			productReference = 5252FEC81F1E556C00311612 /* MemeMeUITests.xctest */;
			productType = "com.apple.product-type.bundle.ui-testing";
		};
/* End PBXNativeTarget section */

/* Begin PBXProject section */
		526941761EEE1FF9006C3864 /* Project object */ = {
			isa = PBXProject;
			attributes = {
				LastSwiftUpdateCheck = 0830;
				LastUpgradeCheck = 0830;
				ORGANIZATIONNAME = "Ahmed Elgendy";
				TargetAttributes = {
					5269417D1EEE1FF9006C3864 = {
						CreatedOnToolsVersion = 8.3.3;
						DevelopmentTeam = 4CG826TP88;
						ProvisioningStyle = Automatic;
					};
					526941911EEE1FF9006C3864 = {
						CreatedOnToolsVersion = 8.3.3;
						ProvisioningStyle = Automatic;
						TestTargetID = 5269417D1EEE1FF9006C3864;
					};
					5269419C1EEE1FF9006C3864 = {
						CreatedOnToolsVersion = 8.3.3;
						ProvisioningStyle = Automatic;
						TestTargetID = 5269417D1EEE1FF9006C3864;
					};
				};
			};
			buildConfigurationList = 526941791EEE1FF9006C3864 /* Build configuration list for PBXProject "MemeMe" */;
			compatibilityVersion = "Xcode 3.2";
			developmentRegion = English;
			hasScannedForEncodings = 0;
			knownRegions = (
				en,
				Base,
			);
			mainGroup = 526941751EEE1FF9006C3864;
			productRefGroup = 526941751EEE1FF9006C3864;
			projectDirPath = "";
			projectRoot = "";
			targets = (
				5269417D1EEE1FF9006C3864 /* MemeMe */,
				526941911EEE1FF9006C3864 /* MemeMeTests */,
				5269419C1EEE1FF9006C3864 /* MemeMeUITests */,
			);
		};
/* End PBXProject section */

/* Begin PBXResourcesBuildPhase section */
		5269417C1EEE1FF9006C3864 /* Resources */ = {
			isa = PBXResourcesBuildPhase;
			buildActionMask = 2147483647;
			files = (
				5252FECE1F1FCCD100311612 /* impact.ttf in Resources */,
				5269418C1EEE1FF9006C3864 /* LaunchScreen.storyboard in Resources */,
				526941891EEE1FF9006C3864 /* Assets.xcassets in Resources */,
				526941871EEE1FF9006C3864 /* Main.storyboard in Resources */,
			);
			runOnlyForDeploymentPostprocessing = 0;
		};
		526941901EEE1FF9006C3864 /* Resources */ = {
			isa = PBXResourcesBuildPhase;
			buildActionMask = 2147483647;
			files = (
			);
			runOnlyForDeploymentPostprocessing = 0;
		};
		5269419B1EEE1FF9006C3864 /* Resources */ = {
			isa = PBXResourcesBuildPhase;
			buildActionMask = 2147483647;
			files = (
			);
			runOnlyForDeploymentPostprocessing = 0;
		};
/* End PBXResourcesBuildPhase section */

/* Begin PBXSourcesBuildPhase section */
		5269417A1EEE1FF9006C3864 /* Sources */ = {
			isa = PBXSourcesBuildPhase;
			buildActionMask = 2147483647;
			files = (
				526941841EEE1FF9006C3864 /* MemeViewController.swift in Sources */,
				526941821EEE1FF9006C3864 /* AppDelegate.swift in Sources */,
				526941B01EF0371C006C3864 /* TextFieldDelegate.swift in Sources */,
				5252FECC1F1FCCC600311612 /* Meme.swift in Sources */,
			);
			runOnlyForDeploymentPostprocessing = 0;
		};
		5269418E1EEE1FF9006C3864 /* Sources */ = {
			isa = PBXSourcesBuildPhase;
			buildActionMask = 2147483647;
			files = (
			);
			runOnlyForDeploymentPostprocessing = 0;
		};
		526941991EEE1FF9006C3864 /* Sources */ = {
			isa = PBXSourcesBuildPhase;
			buildActionMask = 2147483647;
			files = (
			);
			runOnlyForDeploymentPostprocessing = 0;
		};
/* End PBXSourcesBuildPhase section */

/* Begin PBXTargetDependency section */
		526941941EEE1FF9006C3864 /* PBXTargetDependency */ = {
			isa = PBXTargetDependency;
			target = 5269417D1EEE1FF9006C3864 /* MemeMe */;
			targetProxy = 526941931EEE1FF9006C3864 /* PBXContainerItemProxy */;
		};
		5269419F1EEE1FF9006C3864 /* PBXTargetDependency */ = {
			isa = PBXTargetDependency;
			target = 5269417D1EEE1FF9006C3864 /* MemeMe */;
			targetProxy = 5269419E1EEE1FF9006C3864 /* PBXContainerItemProxy */;
		};
/* End PBXTargetDependency section */

/* Begin PBXVariantGroup section */
		526941851EEE1FF9006C3864 /* Main.storyboard */ = {
			isa = PBXVariantGroup;
			children = (
				526941861EEE1FF9006C3864 /* Base */,
			);
			name = Main.storyboard;
			sourceTree = "<group>";
		};
		5269418A1EEE1FF9006C3864 /* LaunchScreen.storyboard */ = {
			isa = PBXVariantGroup;
			children = (
				5269418B1EEE1FF9006C3864 /* Base */,
			);
			name = LaunchScreen.storyboard;
			sourceTree = "<group>";
		};
/* End PBXVariantGroup section */

/* Begin XCBuildConfiguration section */
		526941A41EEE1FF9006C3864 /* Debug */ = {
			isa = XCBuildConfiguration;
			buildSettings = {
				ALWAYS_SEARCH_USER_PATHS = NO;
				CLANG_ANALYZER_NONNULL = YES;
				CLANG_ANALYZER_NUMBER_OBJECT_CONVERSION = YES_AGGRESSIVE;
				CLANG_CXX_LANGUAGE_STANDARD = "gnu++0x";
				CLANG_CXX_LIBRARY = "libc++";
				CLANG_ENABLE_MODULES = YES;
				CLANG_ENABLE_OBJC_ARC = YES;
				CLANG_WARN_BOOL_CONVERSION = YES;
				CLANG_WARN_CONSTANT_CONVERSION = YES;
				CLANG_WARN_DIRECT_OBJC_ISA_USAGE = YES_ERROR;
				CLANG_WARN_DOCUMENTATION_COMMENTS = YES;
				CLANG_WARN_EMPTY_BODY = YES;
				CLANG_WARN_ENUM_CONVERSION = YES;
				CLANG_WARN_INFINITE_RECURSION = YES;
				CLANG_WARN_INT_CONVERSION = YES;
				CLANG_WARN_OBJC_ROOT_CLASS = YES_ERROR;
				CLANG_WARN_SUSPICIOUS_MOVE = YES;
				CLANG_WARN_UNREACHABLE_CODE = YES;
				CLANG_WARN__DUPLICATE_METHOD_MATCH = YES;
				"CODE_SIGN_IDENTITY[sdk=iphoneos*]" = "iPhone Developer";
				COPY_PHASE_STRIP = NO;
				DEBUG_INFORMATION_FORMAT = dwarf;
				ENABLE_STRICT_OBJC_MSGSEND = YES;
				ENABLE_TESTABILITY = YES;
				GCC_C_LANGUAGE_STANDARD = gnu99;
				GCC_DYNAMIC_NO_PIC = NO;
				GCC_NO_COMMON_BLOCKS = YES;
				GCC_OPTIMIZATION_LEVEL = 0;
				GCC_PREPROCESSOR_DEFINITIONS = (
					"DEBUG=1",
					"$(inherited)",
				);
				GCC_WARN_64_TO_32_BIT_CONVERSION = YES;
				GCC_WARN_ABOUT_RETURN_TYPE = YES_ERROR;
				GCC_WARN_UNDECLARED_SELECTOR = YES;
				GCC_WARN_UNINITIALIZED_AUTOS = YES_AGGRESSIVE;
				GCC_WARN_UNUSED_FUNCTION = YES;
				GCC_WARN_UNUSED_VARIABLE = YES;
				IPHONEOS_DEPLOYMENT_TARGET = 10.3;
				MTL_ENABLE_DEBUG_INFO = YES;
				ONLY_ACTIVE_ARCH = YES;
				SDKROOT = iphoneos;
				SWIFT_ACTIVE_COMPILATION_CONDITIONS = DEBUG;
				SWIFT_OPTIMIZATION_LEVEL = "-Onone";
				TARGETED_DEVICE_FAMILY = "1,2";
			};
			name = Debug;
		};
		526941A51EEE1FF9006C3864 /* Release */ = {
			isa = XCBuildConfiguration;
			buildSettings = {
				ALWAYS_SEARCH_USER_PATHS = NO;
				CLANG_ANALYZER_NONNULL = YES;
				CLANG_ANALYZER_NUMBER_OBJECT_CONVERSION = YES_AGGRESSIVE;
				CLANG_CXX_LANGUAGE_STANDARD = "gnu++0x";
				CLANG_CXX_LIBRARY = "libc++";
				CLANG_ENABLE_MODULES = YES;
				CLANG_ENABLE_OBJC_ARC = YES;
				CLANG_WARN_BOOL_CONVERSION = YES;
				CLANG_WARN_CONSTANT_CONVERSION = YES;
				CLANG_WARN_DIRECT_OBJC_ISA_USAGE = YES_ERROR;
				CLANG_WARN_DOCUMENTATION_COMMENTS = YES;
				CLANG_WARN_EMPTY_BODY = YES;
				CLANG_WARN_ENUM_CONVERSION = YES;
				CLANG_WARN_INFINITE_RECURSION = YES;
				CLANG_WARN_INT_CONVERSION = YES;
				CLANG_WARN_OBJC_ROOT_CLASS = YES_ERROR;
				CLANG_WARN_SUSPICIOUS_MOVE = YES;
				CLANG_WARN_UNREACHABLE_CODE = YES;
				CLANG_WARN__DUPLICATE_METHOD_MATCH = YES;
				"CODE_SIGN_IDENTITY[sdk=iphoneos*]" = "iPhone Developer";
				COPY_PHASE_STRIP = NO;
				DEBUG_INFORMATION_FORMAT = "dwarf-with-dsym";
				ENABLE_NS_ASSERTIONS = NO;
				ENABLE_STRICT_OBJC_MSGSEND = YES;
				GCC_C_LANGUAGE_STANDARD = gnu99;
				GCC_NO_COMMON_BLOCKS = YES;
				GCC_WARN_64_TO_32_BIT_CONVERSION = YES;
				GCC_WARN_ABOUT_RETURN_TYPE = YES_ERROR;
				GCC_WARN_UNDECLARED_SELECTOR = YES;
				GCC_WARN_UNINITIALIZED_AUTOS = YES_AGGRESSIVE;
				GCC_WARN_UNUSED_FUNCTION = YES;
				GCC_WARN_UNUSED_VARIABLE = YES;
				IPHONEOS_DEPLOYMENT_TARGET = 10.3;
				MTL_ENABLE_DEBUG_INFO = NO;
				SDKROOT = iphoneos;
				SWIFT_OPTIMIZATION_LEVEL = "-Owholemodule";
				TARGETED_DEVICE_FAMILY = "1,2";
				VALIDATE_PRODUCT = YES;
			};
			name = Release;
		};
		526941A71EEE1FF9006C3864 /* Debug */ = {
			isa = XCBuildConfiguration;
			buildSettings = {
				ASSETCATALOG_COMPILER_APPICON_NAME = AppIcon;
				DEVELOPMENT_TEAM = 4CG826TP88;
				INFOPLIST_FILE = "$(SRCROOT)/MemeMe/Info.plist";
				LD_RUNPATH_SEARCH_PATHS = "$(inherited) @executable_path/Frameworks";
				PRODUCT_BUNDLE_IDENTIFIER = viantex.com.MemeMe;
				PRODUCT_NAME = "$(TARGET_NAME)";
				SWIFT_VERSION = 3.0;
			};
			name = Debug;
		};
		526941A81EEE1FF9006C3864 /* Release */ = {
			isa = XCBuildConfiguration;
			buildSettings = {
				ASSETCATALOG_COMPILER_APPICON_NAME = AppIcon;
				DEVELOPMENT_TEAM = 4CG826TP88;
				INFOPLIST_FILE = "$(SRCROOT)/MemeMe/Info.plist";
				LD_RUNPATH_SEARCH_PATHS = "$(inherited) @executable_path/Frameworks";
				PRODUCT_BUNDLE_IDENTIFIER = viantex.com.MemeMe;
				PRODUCT_NAME = "$(TARGET_NAME)";
				SWIFT_VERSION = 3.0;
			};
			name = Release;
		};
		526941AA1EEE1FF9006C3864 /* Debug */ = {
			isa = XCBuildConfiguration;
			buildSettings = {
				ALWAYS_EMBED_SWIFT_STANDARD_LIBRARIES = YES;
				BUNDLE_LOADER = "$(TEST_HOST)";
				INFOPLIST_FILE = ComicMakerTests/Info.plist;
				LD_RUNPATH_SEARCH_PATHS = "$(inherited) @executable_path/Frameworks @loader_path/Frameworks";
				PRODUCT_BUNDLE_IDENTIFIER = viantex.com.ComicMakerTests;
				PRODUCT_NAME = "$(TARGET_NAME)";
				SWIFT_VERSION = 3.0;
				TEST_HOST = "$(BUILT_PRODUCTS_DIR)/MemeMe.app/MemeMe";
			};
			name = Debug;
		};
		526941AB1EEE1FF9006C3864 /* Release */ = {
			isa = XCBuildConfiguration;
			buildSettings = {
				ALWAYS_EMBED_SWIFT_STANDARD_LIBRARIES = YES;
				BUNDLE_LOADER = "$(TEST_HOST)";
				INFOPLIST_FILE = ComicMakerTests/Info.plist;
				LD_RUNPATH_SEARCH_PATHS = "$(inherited) @executable_path/Frameworks @loader_path/Frameworks";
				PRODUCT_BUNDLE_IDENTIFIER = viantex.com.ComicMakerTests;
				PRODUCT_NAME = "$(TARGET_NAME)";
				SWIFT_VERSION = 3.0;
				TEST_HOST = "$(BUILT_PRODUCTS_DIR)/MemeMe.app/MemeMe";
			};
			name = Release;
		};
		526941AD1EEE1FF9006C3864 /* Debug */ = {
			isa = XCBuildConfiguration;
			buildSettings = {
				ALWAYS_EMBED_SWIFT_STANDARD_LIBRARIES = YES;
				INFOPLIST_FILE = ComicMakerUITests/Info.plist;
				LD_RUNPATH_SEARCH_PATHS = "$(inherited) @executable_path/Frameworks @loader_path/Frameworks";
				PRODUCT_BUNDLE_IDENTIFIER = viantex.com.ComicMakerUITests;
				PRODUCT_NAME = "$(TARGET_NAME)";
				SWIFT_VERSION = 3.0;
				TEST_TARGET_NAME = ComicMaker;
			};
			name = Debug;
		};
		526941AE1EEE1FF9006C3864 /* Release */ = {
			isa = XCBuildConfiguration;
			buildSettings = {
				ALWAYS_EMBED_SWIFT_STANDARD_LIBRARIES = YES;
				INFOPLIST_FILE = ComicMakerUITests/Info.plist;
				LD_RUNPATH_SEARCH_PATHS = "$(inherited) @executable_path/Frameworks @loader_path/Frameworks";
				PRODUCT_BUNDLE_IDENTIFIER = viantex.com.ComicMakerUITests;
				PRODUCT_NAME = "$(TARGET_NAME)";
				SWIFT_VERSION = 3.0;
				TEST_TARGET_NAME = ComicMaker;
			};
			name = Release;
		};
/* End XCBuildConfiguration section */

/* Begin XCConfigurationList section */
		526941791EEE1FF9006C3864 /* Build configuration list for PBXProject "MemeMe" */ = {
			isa = XCConfigurationList;
			buildConfigurations = (
				526941A41EEE1FF9006C3864 /* Debug */,
				526941A51EEE1FF9006C3864 /* Release */,
			);
			defaultConfigurationIsVisible = 0;
			defaultConfigurationName = Release;
		};
		526941A61EEE1FF9006C3864 /* Build configuration list for PBXNativeTarget "MemeMe" */ = {
			isa = XCConfigurationList;
			buildConfigurations = (
				526941A71EEE1FF9006C3864 /* Debug */,
				526941A81EEE1FF9006C3864 /* Release */,
			);
			defaultConfigurationIsVisible = 0;
			defaultConfigurationName = Release;
		};
		526941A91EEE1FF9006C3864 /* Build configuration list for PBXNativeTarget "MemeMeTests" */ = {
			isa = XCConfigurationList;
			buildConfigurations = (
				526941AA1EEE1FF9006C3864 /* Debug */,
				526941AB1EEE1FF9006C3864 /* Release */,
			);
			defaultConfigurationIsVisible = 0;
			defaultConfigurationName = Release;
		};
		526941AC1EEE1FF9006C3864 /* Build configuration list for PBXNativeTarget "MemeMeUITests" */ = {
			isa = XCConfigurationList;
			buildConfigurations = (
				526941AD1EEE1FF9006C3864 /* Debug */,
				526941AE1EEE1FF9006C3864 /* Release */,
			);
			defaultConfigurationIsVisible = 0;
			defaultConfigurationName = Release;
		};
/* End XCConfigurationList section */
	};
	rootObject = 526941761EEE1FF9006C3864 /* Project object */;
}
